{
  "name": "app",
  "version": "1.0.0",
  "lockfileVersion": 1,
  "requires": true,
  "dependencies": {
    "node-ambassador": {
      "version": "1.0.15",
      "resolved": "https://registry.npmjs.org/node-ambassador/-/node-ambassador-1.0.15.tgz",
      "integrity": "sha512-OLHWoCxR4gEOg+OfipqfqBdwJh92BvSQWuE93BPvLt5zXd0e0CqlQyAHqWgA/j08110ceeNvOSwdQ4qFu7YzXQ=="
    }
  }
}
