{
  "name": "app",
  "version": "1.0.0",
  "lockfileVersion": 1,
  "requires": true,
  "dependencies": {
    "node-ambassador": {
      "version": "1.0.13",
      "resolved": "https://registry.npmjs.org/node-ambassador/-/node-ambassador-1.0.13.tgz",
      "integrity": "sha512-wmThFlnl8KoYyC3RNRRkRQecz9uuGzMQrUvmuBPoBmTrO+nTdLNtQz1LrvvjmmiOjLCseCx54B5TYVOAWx+/SQ=="
    }
  }
}
