{
  "name": "app",
  "version": "1.0.0",
  "lockfileVersion": 1,
  "requires": true,
  "dependencies": {
    "cordova-pdf-generator": {
      "version": "2.0.4",
      "resolved": "https://registry.npmjs.org/cordova-pdf-generator/-/cordova-pdf-generator-2.0.4.tgz",
      "integrity": "sha1-xOz+1DoQIM7OeTfB/7KhCVaDq1U="
    },
    "node-ambassador": {
      "version": "1.0.2",
      "resolved": "https://registry.npmjs.org/node-ambassador/-/node-ambassador-1.0.2.tgz",
      "integrity": "sha512-aovWaE7rgg0KYcbAqwWid9anyX7Y3AaZf3LVIqyCoAy+6sNVYU/dRluIbpYrhPN7hOqf+pjyDFdkHt4OCjtg3w=="
    }
  }
}
